
Microsoft Visual Studio Solution File, Format Version 12.00
# Visual Studio Version 17
VisualStudioVersion = 17.11.35303.130
MinimumVisualStudioVersion = 10.0.40219.1
Project("{888888A0-9F3D-457C-B088-3A5042F75D52}") = "gameA", "gameA\gameA.pyproj", "{9AFF022D-5BD5-4A6C-B8C3-BEB2F3101E78}"
EndProject
Global
	GlobalSection(SolutionConfigurationPlatforms) = preSolution
		Debug|Any CPU = Debug|Any CPU
		Release|Any CPU = Release|Any CPU
	EndGlobalSection
	GlobalSection(ProjectConfigurationPlatforms) = postSolution
		{9AFF022D-5BD5-4A6C-B8C3-BEB2F3101E78}.Debug|Any CPU.ActiveCfg = Debug|Any CPU
		{9AFF022D-5BD5-4A6C-B8C3-BEB2F3101E78}.Release|Any CPU.ActiveCfg = Release|Any CPU
	EndGlobalSection
	GlobalSection(SolutionProperties) = preSolution
		HideSolutionNode = FALSE
	EndGlobalSection
	GlobalSection(ExtensibilityGlobals) = postSolution
		SolutionGuid = {C871E38F-8032-455E-B5FF-6CEBD032F034}
	EndGlobalSection
EndGlobal
